
Microsoft Visual Studio Solution File, Format Version 12.00
# Visual Studio Version 17
VisualStudioVersion = 17.2.32630.192
MinimumVisualStudioVersion = 10.0.40219.1
Project("{FAE04EC0-301F-11D3-BF4B-00C04F79EFBC}") = "RestaurantListingAPI", "RestaurantListingAPI\RestaurantListingAPI.csproj", "{6FEE4669-2E27-45BA-85B4-0C5F39A9C474}"
EndProject
Global
	GlobalSection(SolutionConfigurationPlatforms) = preSolution
		Debug|Any CPU = Debug|Any CPU
		Release|Any CPU = Release|Any CPU
	EndGlobalSection
	GlobalSection(ProjectConfigurationPlatforms) = postSolution
		{6FEE4669-2E27-45BA-85B4-0C5F39A9C474}.Debug|Any CPU.ActiveCfg = Debug|Any CPU
		{6FEE4669-2E27-45BA-85B4-0C5F39A9C474}.Debug|Any CPU.Build.0 = Debug|Any CPU
		{6FEE4669-2E27-45BA-85B4-0C5F39A9C474}.Release|Any CPU.ActiveCfg = Release|Any CPU
		{6FEE4669-2E27-45BA-85B4-0C5F39A9C474}.Release|Any CPU.Build.0 = Release|Any CPU
	EndGlobalSection
	GlobalSection(SolutionProperties) = preSolution
		HideSolutionNode = FALSE
	EndGlobalSection
	GlobalSection(ExtensibilityGlobals) = postSolution
		SolutionGuid = {E96972D7-E2B4-4DEC-9D57-F7495B4A04CC}
	EndGlobalSection
EndGlobal
